{
    "_meta": {
        "hash": {
            "sha256": "85f696245c98b9bcaf0ea5190607a5cb5d3f35df7ccf03b605767a3b7d3540f5"
        },
        "pipfile-spec": 6,
        "requires": {
            "python_version": "3"
        },
        "sources": [
            {
                "name": "pypi",
                "url": "https://pypi.org/simple",
                "verify_ssl": true
            }
        ]
    },
    "default": {
        "appjar": {
            "hashes": [
                "sha256:8ae7dc9c672a52bd792d1ebd3878e4bfcc3cdccfaddb8df4867280f30d60b3a0"
            ],
            "index": "pypi",
            "version": "==0.93.0"
        },
        "cachetools": {
            "hashes": [
                "sha256:1d9d5f567be80f7c07d765e21b814326d78c61eb0c3a637dffc0e5d1796cb2e2",
                "sha256:f469e29e7aa4cff64d8de4aad95ce76de8ea1125a16c68e0d93f65c3c3dc92e9"
            ],
            "version": "==4.2.1"
        },
        "certifi": {
            "hashes": [
                "sha256:1a4995114262bffbc2413b159f2a1a480c969de6e6eb13ee966d470af86af59c",
                "sha256:719a74fb9e33b9bd44cc7f3a8d94bc35e4049deebe19ba7d8e108280cfd59830"
            ],
            "version": "==2020.12.5"
        },
        "chardet": {
            "hashes": [
                "sha256:84ab92ed1c4d4f16916e05906b6b75a6c0fb5db821cc65e70cbd64a3e2a5eaae",
                "sha256:fc323ffcaeaed0e0a02bf4d117757b98aed530d9ed4531e3e15460124c106691"
            ],
            "version": "==3.0.4"
        },
        "click": {
            "hashes": [
                "sha256:2335065e6395b9e67ca716de5f7526736bfa6ceead690adf616d925bdc622b13",
                "sha256:5b94b49521f6456670fdb30cd82a4eca9412788a93fa6dd6df72c94d5a8ff2d7"
            ],
            "index": "pypi",
            "version": "==7.0"
        },
        "google-api-python-client": {
            "hashes": [
                "sha256:51dc9139aa06fd0b1339a22b6b1c9fe74cb891b3dd803e8c464c5a18a8de23dc",
                "sha256:bf98b066fb6e4e6da1f2f11d6cb0bb947de156aef8562a32b0692e7073d38593"
            ],
            "index": "pypi",
            "version": "==1.7.6"
        },
        "google-auth": {
            "hashes": [
                "sha256:63a5636d7eacfe6ef5b7e36e112b3149fa1c5b5ad77dd6df54910459bcd6b89f",
                "sha256:d8958af6968e4ecd599f82357ebcfeb126f826ed0656126ad68416f810f7531e"
            ],
            "version": "==1.27.1"
        },
        "google-auth-httplib2": {
            "hashes": [
                "sha256:31e49c36c6b5643b57e82617cb3e021e3e1d2df9da63af67252c02fa9c1f4a10",
                "sha256:a07c39fd632becacd3f07718dfd6021bf396978f03ad3ce4321d060015cc30ac"
            ],
            "version": "==0.1.0"
        },
        "httplib2": {
            "hashes": [
                "sha256:749c32603f9bf16c1277f59531d502e8f1c2ca19901ae653b49c4ed698f0820e",
                "sha256:e0d428dad43c72dbce7d163b7753ffc7a39c097e6788ef10f4198db69b92f08e"
            ],
            "version": "==0.19.0"
        },
        "idna": {
            "hashes": [
                "sha256:c357b3f628cf53ae2c4c05627ecc484553142ca23264e593d327bcde5e9c3407",
                "sha256:ea8b7f6188e6fa117537c3df7da9fc686d485087abf6ac197f9c46432f7e4a3c"
            ],
            "version": "==2.8"
        },
        "oauth2client": {
            "hashes": [
                "sha256:b8a81cc5d60e2d364f0b1b98f958dbd472887acaf1a5b05e21c28c31a2d6d3ac",
                "sha256:d486741e451287f69568a4d26d70d9acd73a2bbfa275746c535b4209891cccc6"
            ],
            "index": "pypi",
            "version": "==4.1.3"
        },
        "pdfrw": {
            "hashes": [
                "sha256:0dc0494a0e6561b268542b28ede2280387c2728114f117d3bb5d8e4787b93ef4",
                "sha256:758289edaa3b672e9a1a67504be73c18ec668d4e5b9d5ac9cbc0dc753d8d196b"
            ],
            "index": "pypi",
            "version": "==0.4"
        },
        "pillow": {
            "hashes": [
                "sha256:0011ec16bcab9f2f07afa95081ee025b3f0fe428611a000df0fbcb51dd873ca0",
                "sha256:0e5aedc62a78525fcfbec417d8db0073dff5de9d8544047f619d208e2cd3d323",
                "sha256:196d9ff5d0b070b50cd3a3c59ffa3b41232ca34dbd09e262bfa32047229d4b16",
                "sha256:1e1ed97d93676ba6e19124f8054ed439825292cecb490370729f90a27585f180",
                "sha256:2f44dc402c643a88b9453c6fce84e20b16352df42a98ab013aaebe07e1a1c478",
                "sha256:32facad1f01111505c0fa3f15b2acac13af231f6dc0e68927c8d2d23df8c25c5",
                "sha256:3d4e8b208346374e820bc5f88e753a4a2d35b6ead0aa1f45dcc7b9206780b983",
                "sha256:65422a17c9d08bf56d8eb0ce5c83863e050cec5f15e8b2042c955aa724ce515d",
                "sha256:75513b87a441c093a26a75974cd8373d8d40476cdb178309e8c2f2a534033ea3",
                "sha256:7ccf6e86bd9f7301b883c6ba180309ca6bd566b0324eb66566b0b841c974558e",
                "sha256:7dacf81a6b6b724a263c27a364030f81eef97398acda67d1ac50e722ad3cec59",
                "sha256:81655ad8b10acf81a644ad88faa9cd19ab2930f1b83ff6d32217f00de602b6e5",
                "sha256:83ab411759b9e1f6a695bea321e835bed448f767711da2630d597dabc69d0350",
                "sha256:87562ac8e35b873eabed6b02259dcec05d7c776fa6c478865fcb147f17ec7530",
                "sha256:c85cce00769e162cf50fc21451be9e627f60a9be22172d684c05dc7d0141c55b",
                "sha256:d071c33320c6f66730d1adea0bfd468ab5453627ff8974a6e56f43a48c60bce5",
                "sha256:dd4c3cfa93626ed08005abf3aa52b50dae28bf0bc4cb5a4626e9ce6878e7f700",
                "sha256:e0fbed3f29291c0e4b83c7f21809a709f5a46eefdad236ec2a11096ebb76c6ae",
                "sha256:ecabe2323e4ed3ce24eaea2120aca395723dd301e9fb03d7e0912a61343fc7f3",
                "sha256:f8e26f68b5f7b15ad9d1cc2c28ea57fe8c2f9dfee77f4e0519e833fdbe2feb8d",
                "sha256:fb13e40bd17615a03192f03cab35df0fbfb61ab58ef08ece42884a6bd314faf4",
                "sha256:fb1f9faa2984918cd7a3b18db1192463e0030500cb060c974b5fd98c13276a8e"
            ],
            "index": "pypi",
            "version": "==7.1.0"
        },
        "pyasn1": {
            "hashes": [
                "sha256:39c7e2ec30515947ff4e87fb6f456dfc6e84857d34be479c9d4a4ba4bf46aa5d",
                "sha256:aef77c9fb94a3ac588e87841208bdec464471d9871bd5050a287cc9a475cd0ba"
            ],
            "version": "==0.4.8"
        },
        "pyasn1-modules": {
            "hashes": [
                "sha256:905f84c712230b2c592c19470d3ca8d552de726050d1d1716282a1f6146be65e",
                "sha256:a50b808ffeb97cb3601dd25981f6b016cbb3d31fbf57a8b8a87428e6158d0c74"
            ],
            "version": "==0.2.8"
        },
        "pyparsing": {
            "hashes": [
                "sha256:c203ec8783bf771a155b207279b9bccb8dea02d8f0c9e5f8ead507bc3246ecc1",
                "sha256:ef9d7589ef3c200abe66653d3f1ab1033c3c419ae9b9bdb1240a85b024efc88b"
            ],
            "version": "==2.4.7"
        },
        "reportlab": {
            "hashes": [
                "sha256:00c4d275b14ccd77316c0e6b5ad12881c70edc97556b1177d90fe366163df786",
                "sha256:03f968b21c41ff3364665b3f08426233e8255313c158a50f71745e66accd6d90",
                "sha256:0a6bb96cc4ca7faaa5bcfb599eadd4afe6b90929cdc31e4913be4899f9ae4ac6",
                "sha256:1857bb48c67b9278d5ada84a9c584f6bd61bb95d4f67d55799e8af9c8a5ef6e2",
                "sha256:1b52d4d5ba9f5a1e939eed9441ca62a2ef7063a2610d001c70b39760b9d3314c",
                "sha256:2637ea9a2ca093f10f0fc27ea02a8bdde0faadbeab9205ef1f5bf560510c6d52",
                "sha256:2d63984f9593e5408cfc3da043cae871ab20006d494d5029a04ec5fa0d3044d6",
                "sha256:55945d811655c52515067826f4f2a258e472fc34ad995acdc9a5f53910b8ebf6",
                "sha256:63f1928c47acd9aa81ef75dd29ce74d292e50d77eaf2629ad0c99bbc1d2fa125",
                "sha256:65a70673bc7d673ca52ee8b1b14e37959b01d45ef43729ed1507b6718351ec47",
                "sha256:6dd39a260fd8e315f55e5f61c0a4b07994c3cd06d4893aacc9575a0e8804ba12",
                "sha256:786e0d5b166fcfa1d0044ee411f820c3314b0bbc513985b0adc227118c2db009",
                "sha256:7e10261065d0f926d9d83fd1f2edb8bec466f3c60b3e927ef40e2262805c069d",
                "sha256:8474ed2a5d89a1546435294c91ae42fc18a29c3172af4b5f97d43bbf4d0a9018",
                "sha256:8ce32d0878a38bc1f8b6ee1656f638a7629b2067f9b048787d4ad5fbd409093d",
                "sha256:8fd604e791367038b673082c6e1d1801ef0998a68b0d436bcc0befc592f99541",
                "sha256:9c25661f5089863c6976c0525593cdd3f3afb59092fbaa4ea9eb83c4e95a8c3c",
                "sha256:a5c58f0ca4a4dd74fc8816a5240891614355d909b8c606febfb24375330b2a3b",
                "sha256:a6b9a411ff87bca1ce33c902c25d25f11ea53d4941ad5d41b070a3eb95843b09",
                "sha256:c1f0104d0a85d0db9bc98d5fa3679391ef052219b0f3ff0b741d22b0b78deb5f",
                "sha256:c8f59aaa6989e111b0bfb46daae91c02cc4f5c23ce053fbd82ea6dac1c4c087d",
                "sha256:cdca0b57cb5efccd946f79470598706fff661190627cb213e6eb7749aaeb02eb",
                "sha256:d37854d9bce188b336dbf6de598924656d2ff0555dc720d347970ea8df097895",
                "sha256:d6ab0ff7f2c3cf9ef33c163f5c85e3ebb1ced512d6ef8cdd022617f5951b1385",
                "sha256:e7a145f376fcf56d0697b028fbd228dd6defe78bdf671a6ec6a8a87a930d8b6c",
                "sha256:e94bd2457a5030df103d2f1b892d322076cd8c4b8db6c4331382f35431eb4ece",
                "sha256:ecd7026ec27e6b33513fe53338ca33bd44dce6d8b00f6ec0ab4bfa10614a4503",
                "sha256:fd697bc9afdad1e05d245da169a8c98f576a5c7b3d835fee76922f3e8b2d0388"
            ],
            "index": "pypi",
            "version": "==3.5.12"
        },
        "requests": {
            "hashes": [
                "sha256:502a824f31acdacb3a35b6690b5fbf0bc41d63a24a45c4004352b0242707598e",
                "sha256:7bf2a778576d825600030a110f3c0e3e8edc51dfaafe1c146e39a2027784957b"
            ],
            "index": "pypi",
            "version": "==2.21.0"
        },
        "rsa": {
            "hashes": [
                "sha256:78f9a9bf4e7be0c5ded4583326e7461e3a3c5aae24073648b4bdfa797d78c9d2",
                "sha256:9d689e6ca1b3038bc82bf8d23e944b6b6037bc02301a574935b2dd946e0353b9"
            ],
            "markers": "python_version >= '3.6'",
            "version": "==4.7.2"
        },
        "six": {
            "hashes": [
                "sha256:30639c035cdb23534cd4aa2dd52c3bf48f06e5f4a941509c8bafd8ce11080259",
                "sha256:8b74bedcbbbaca38ff6d7491d76f2b06b3592611af620f8426e82dddb04a5ced"
            ],
            "version": "==1.15.0"
        },
        "uritemplate": {
            "hashes": [
                "sha256:07620c3f3f8eed1f12600845892b0e036a2420acf513c53f7de0abd911a5894f",
                "sha256:5af8ad10cec94f215e3f48112de2022e1d5a37ed427fbd88652fa908f2ab7cae"
            ],
            "version": "==3.0.1"
        },
        "urllib3": {
            "hashes": [
                "sha256:2393a695cd12afedd0dcb26fe5d50d0cf248e5a66f75dbd89a3d4eb333a61af4",
                "sha256:a637e5fae88995b256e3409dc4d52c2e2e0ba32c42a6365fee8bbd2238de3cfb"
            ],
            "version": "==1.24.3"
        }
    },
    "develop": {
        "altgraph": {
            "hashes": [
                "sha256:1f05a47122542f97028caf78775a095fbe6a2699b5089de8477eb583167d69aa",
                "sha256:c623e5f3408ca61d4016f23a681b9adb100802ca3e3da5e718915a9e4052cebe"
            ],
            "version": "==0.17"
        },
        "future": {
            "hashes": [
                "sha256:b1bead90b70cf6ec3f0710ae53a525360fa360d306a86583adc6bf83a4db537d"
            ],
            "version": "==0.18.2"
        },
        "macholib": {
            "hashes": [
                "sha256:0c436bc847e7b1d9bda0560351bf76d7caf930fb585a828d13608839ef42c432",
                "sha256:c500f02867515e6c60a27875b408920d18332ddf96b4035ef03beddd782d4281"
            ],
            "version": "==1.14"
        },
        "pefile": {
            "hashes": [
                "sha256:a5d6e8305c6b210849b47a6174ddf9c452b2888340b8177874b862ba6c207645"
            ],
            "version": "==2019.4.18"
        },
        "pyinstaller": {
            "hashes": [
                "sha256:a5a6e04a66abfcf8761e89a2ebad937919c6be33a7b8963e1a961b55cb35986b"
            ],
            "index": "pypi",
            "version": "==3.4"
        },
        "rope": {
            "hashes": [
                "sha256:a108c445e1cd897fe19272ab7877d172e7faf3d4148c80e7d20faba42ea8f7b2"
            ],
            "index": "pypi",
            "version": "==0.11.0"
        }
    }
}
